// !$*UTF8*$!
{
	archiveVersion = 1;
	classes = {
	};
	objectVersion = 46;
	objects = {

/* Begin PBXBuildFile section */
		A8DC1E5C1DCBD3CC008DD387 /* AppDelegate.swift in Sources */ = {isa = PBXBuildFile; fileRef = A8DC1E5B1DCBD3CC008DD387 /* AppDelegate.swift */; };
		A8DC1E5E1DCBD3CC008DD387 /* ViewController.swift in Sources */ = {isa = PBXBuildFile; fileRef = A8DC1E5D1DCBD3CC008DD387 /* ViewController.swift */; };
		A8DC1E611DCBD3CC008DD387 /* Main.storyboard in Resources */ = {isa = PBXBuildFile; fileRef = A8DC1E5F1DCBD3CC008DD387 /* Main.storyboard */; };
		A8DC1E631DCBD3CC008DD387 /* Assets.xcassets in Resources */ = {isa = PBXBuildFile; fileRef = A8DC1E621DCBD3CC008DD387 /* Assets.xcassets */; };
		A8DC1E661DCBD3CC008DD387 /* LaunchScreen.storyboard in Resources */ = {isa = PBXBuildFile; fileRef = A8DC1E641DCBD3CC008DD387 /* LaunchScreen.storyboard */; };
/* End PBXBuildFile section */

/* Begin PBXFileReference section */
		A8DC1E581DCBD3CC008DD387 /* com.codepath.canvas.app */ = {isa = PBXFileReference; explicitFileType = wrapper.application; includeInIndex = 0; path = com.codepath.canvas.app; sourceTree = BUILT_PRODUCTS_DIR; };
		A8DC1E5B1DCBD3CC008DD387 /* AppDelegate.swift */ = {isa = PBXFileReference; lastKnownFileType = sourcecode.swift; path = AppDelegate.swift; sourceTree = "<group>"; };
		A8DC1E5D1DCBD3CC008DD387 /* ViewController.swift */ = {isa = PBXFileReference; lastKnownFileType = sourcecode.swift; path = ViewController.swift; sourceTree = "<group>"; };
		A8DC1E601DCBD3CC008DD387 /* Base */ = {isa = PBXFileReference; lastKnownFileType = file.storyboard; name = Base; path = Base.lproj/Main.storyboard; sourceTree = "<group>"; };
		A8DC1E621DCBD3CC008DD387 /* Assets.xcassets */ = {isa = PBXFileReference; lastKnownFileType = folder.assetcatalog; path = Assets.xcassets; sourceTree = "<group>"; };
		A8DC1E651DCBD3CC008DD387 /* Base */ = {isa = PBXFileReference; lastKnownFileType = file.storyboard; name = Base; path = Base.lproj/LaunchScreen.storyboard; sourceTree = "<group>"; };
		A8DC1E671DCBD3CC008DD387 /* Info.plist */ = {isa = PBXFileReference; lastKnownFileType = text.plist.xml; path = Info.plist; sourceTree = "<group>"; };
/* End PBXFileReference section */

/* Begin PBXFrameworksBuildPhase section */
		A8DC1E551DCBD3CB008DD387 /* Frameworks */ = {
			isa = PBXFrameworksBuildPhase;
			buildActionMask = 2147483647;
			files = (
			);
			runOnlyForDeploymentPostprocessing = 0;
		};
/* End PBXFrameworksBuildPhase section */

/* Begin PBXGroup section */
		A8DC1E4F1DCBD3CB008DD387 = {
			isa = PBXGroup;
			children = (
				A8DC1E5A1DCBD3CC008DD387 /* com.codepath.canvas */,
				A8DC1E591DCBD3CC008DD387 /* Products */,
			);
			sourceTree = "<group>";
		};
		A8DC1E591DCBD3CC008DD387 /* Products */ = {
			isa = PBXGroup;
			children = (
				A8DC1E581DCBD3CC008DD387 /* com.codepath.canvas.app */,
			);
			name = Products;
			sourceTree = "<group>";
		};
		A8DC1E5A1DCBD3CC008DD387 /* com.codepath.canvas */ = {
			isa = PBXGroup;
			children = (
				A8DC1E5B1DCBD3CC008DD387 /* AppDelegate.swift */,
				A8DC1E5D1DCBD3CC008DD387 /* ViewController.swift */,
				A8DC1E5F1DCBD3CC008DD387 /* Main.storyboard */,
				A8DC1E621DCBD3CC008DD387 /* Assets.xcassets */,
				A8DC1E641DCBD3CC008DD387 /* LaunchScreen.storyboard */,
				A8DC1E671DCBD3CC008DD387 /* Info.plist */,
			);
			path = com.codepath.canvas;
			sourceTree = "<group>";
		};
/* End PBXGroup section */

/* Begin PBXNativeTarget section */
		A8DC1E571DCBD3CB008DD387 /* com.codepath.canvas */ = {
			isa = PBXNativeTarget;
			buildConfigurationList = A8DC1E6A1DCBD3CC008DD387 /* Build configuration list for PBXNativeTarget "com.codepath.canvas" */;
			buildPhases = (
				A8DC1E541DCBD3CB008DD387 /* Sources */,
				A8DC1E551DCBD3CB008DD387 /* Frameworks */,
				A8DC1E561DCBD3CB008DD387 /* Resources */,
			);
			buildRules = (
			);
			dependencies = (
			);
			name = com.codepath.canvas;
			productName = com.codepath.canvas;
			productReference = A8DC1E581DCBD3CC008DD387 /* com.codepath.canvas.app */;
			productType = "com.apple.product-type.application";
		};
/* End PBXNativeTarget section */

/* Begin PBXProject section */
		A8DC1E501DCBD3CB008DD387 /* Project object */ = {
			isa = PBXProject;
			attributes = {
				LastSwiftUpdateCheck = 0810;
				LastUpgradeCheck = 0810;
				ORGANIZATIONNAME = "Savio Tsui";
				TargetAttributes = {
					A8DC1E571DCBD3CB008DD387 = {
						CreatedOnToolsVersion = 8.1;
						DevelopmentTeam = 9SKFP92QDP;
						ProvisioningStyle = Automatic;
					};
				};
			};
			buildConfigurationList = A8DC1E531DCBD3CB008DD387 /* Build configuration list for PBXProject "com.codepath.canvas" */;
			compatibilityVersion = "Xcode 3.2";
			developmentRegion = English;
			hasScannedForEncodings = 0;
			knownRegions = (
				en,
				Base,
			);
			mainGroup = A8DC1E4F1DCBD3CB008DD387;
			productRefGroup = A8DC1E591DCBD3CC008DD387 /* Products */;
			projectDirPath = "";
			projectRoot = "";
			targets = (
				A8DC1E571DCBD3CB008DD387 /* com.codepath.canvas */,
			);
		};
/* End PBXProject section */

/* Begin PBXResourcesBuildPhase section */
		A8DC1E561DCBD3CB008DD387 /* Resources */ = {
			isa = PBXResourcesBuildPhase;
			buildActionMask = 2147483647;
			files = (
				A8DC1E661DCBD3CC008DD387 /* LaunchScreen.storyboard in Resources */,
				A8DC1E631DCBD3CC008DD387 /* Assets.xcassets in Resources */,
				A8DC1E611DCBD3CC008DD387 /* Main.storyboard in Resources */,
			);
			runOnlyForDeploymentPostprocessing = 0;
		};
/* End PBXResourcesBuildPhase section */

/* Begin PBXSourcesBuildPhase section */
		A8DC1E541DCBD3CB008DD387 /* Sources */ = {
			isa = PBXSourcesBuildPhase;
			buildActionMask = 2147483647;
			files = (
				A8DC1E5E1DCBD3CC008DD387 /* ViewController.swift in Sources */,
				A8DC1E5C1DCBD3CC008DD387 /* AppDelegate.swift in Sources */,
			);
			runOnlyForDeploymentPostprocessing = 0;
		};
/* End PBXSourcesBuildPhase section */

/* Begin PBXVariantGroup section */
		A8DC1E5F1DCBD3CC008DD387 /* Main.storyboard */ = {
			isa = PBXVariantGroup;
			children = (
				A8DC1E601DCBD3CC008DD387 /* Base */,
			);
			name = Main.storyboard;
			sourceTree = "<group>";
		};
		A8DC1E641DCBD3CC008DD387 /* LaunchScreen.storyboard */ = {
			isa = PBXVariantGroup;
			children = (
				A8DC1E651DCBD3CC008DD387 /* Base */,
			);
			name = LaunchScreen.storyboard;
			sourceTree = "<group>";
		};
/* End PBXVariantGroup section */

/* Begin XCBuildConfiguration section */
		A8DC1E681DCBD3CC008DD387 /* Debug */ = {
			isa = XCBuildConfiguration;
			buildSettings = {
				ALWAYS_SEARCH_USER_PATHS = NO;
				CLANG_ANALYZER_NONNULL = YES;
				CLANG_CXX_LANGUAGE_STANDARD = "gnu++0x";
				CLANG_CXX_LIBRARY = "libc++";
				CLANG_ENABLE_MODULES = YES;
				CLANG_ENABLE_OBJC_ARC = YES;
				CLANG_WARN_BOOL_CONVERSION = YES;
				CLANG_WARN_CONSTANT_CONVERSION = YES;
				CLANG_WARN_DIRECT_OBJC_ISA_USAGE = YES_ERROR;
				CLANG_WARN_DOCUMENTATION_COMMENTS = YES;
				CLANG_WARN_EMPTY_BODY = YES;
				CLANG_WARN_ENUM_CONVERSION = YES;
				CLANG_WARN_INFINITE_RECURSION = YES;
				CLANG_WARN_INT_CONVERSION = YES;
				CLANG_WARN_OBJC_ROOT_CLASS = YES_ERROR;
				CLANG_WARN_SUSPICIOUS_MOVES = YES;
				CLANG_WARN_UNREACHABLE_CODE = YES;
				CLANG_WARN__DUPLICATE_METHOD_MATCH = YES;
				"CODE_SIGN_IDENTITY[sdk=iphoneos*]" = "iPhone Developer";
				COPY_PHASE_STRIP = NO;
				DEBUG_INFORMATION_FORMAT = dwarf;
				ENABLE_STRICT_OBJC_MSGSEND = YES;
				ENABLE_TESTABILITY = YES;
				GCC_C_LANGUAGE_STANDARD = gnu99;
				GCC_DYNAMIC_NO_PIC = NO;
				GCC_NO_COMMON_BLOCKS = YES;
				GCC_OPTIMIZATION_LEVEL = 0;
				GCC_PREPROCESSOR_DEFINITIONS = (
					"DEBUG=1",
					"$(inherited)",
				);
				GCC_WARN_64_TO_32_BIT_CONVERSION = YES;
				GCC_WARN_ABOUT_RETURN_TYPE = YES_ERROR;
				GCC_WARN_UNDECLARED_SELECTOR = YES;
				GCC_WARN_UNINITIALIZED_AUTOS = YES_AGGRESSIVE;
				GCC_WARN_UNUSED_FUNCTION = YES;
				GCC_WARN_UNUSED_VARIABLE = YES;
				IPHONEOS_DEPLOYMENT_TARGET = 10.1;
				MTL_ENABLE_DEBUG_INFO = YES;
				ONLY_ACTIVE_ARCH = YES;
				SDKROOT = iphoneos;
				SWIFT_ACTIVE_COMPILATION_CONDITIONS = DEBUG;
				SWIFT_OPTIMIZATION_LEVEL = "-Onone";
			};
			name = Debug;
		};
		A8DC1E691DCBD3CC008DD387 /* Release */ = {
			isa = XCBuildConfiguration;
			buildSettings = {
				ALWAYS_SEARCH_USER_PATHS = NO;
				CLANG_ANALYZER_NONNULL = YES;
				CLANG_CXX_LANGUAGE_STANDARD = "gnu++0x";
				CLANG_CXX_LIBRARY = "libc++";
				CLANG_ENABLE_MODULES = YES;
				CLANG_ENABLE_OBJC_ARC = YES;
				CLANG_WARN_BOOL_CONVERSION = YES;
				CLANG_WARN_CONSTANT_CONVERSION = YES;
				CLANG_WARN_DIRECT_OBJC_ISA_USAGE = YES_ERROR;
				CLANG_WARN_DOCUMENTATION_COMMENTS = YES;
				CLANG_WARN_EMPTY_BODY = YES;
				CLANG_WARN_ENUM_CONVERSION = YES;
				CLANG_WARN_INFINITE_RECURSION = YES;
				CLANG_WARN_INT_CONVERSION = YES;
				CLANG_WARN_OBJC_ROOT_CLASS = YES_ERROR;
				CLANG_WARN_SUSPICIOUS_MOVES = YES;
				CLANG_WARN_UNREACHABLE_CODE = YES;
				CLANG_WARN__DUPLICATE_METHOD_MATCH = YES;
				"CODE_SIGN_IDENTITY[sdk=iphoneos*]" = "iPhone Developer";
				COPY_PHASE_STRIP = NO;
				DEBUG_INFORMATION_FORMAT = "dwarf-with-dsym";
				ENABLE_NS_ASSERTIONS = NO;
				ENABLE_STRICT_OBJC_MSGSEND = YES;
				GCC_C_LANGUAGE_STANDARD = gnu99;
				GCC_NO_COMMON_BLOCKS = YES;
				GCC_WARN_64_TO_32_BIT_CONVERSION = YES;
				GCC_WARN_ABOUT_RETURN_TYPE = YES_ERROR;
				GCC_WARN_UNDECLARED_SELECTOR = YES;
				GCC_WARN_UNINITIALIZED_AUTOS = YES_AGGRESSIVE;
				GCC_WARN_UNUSED_FUNCTION = YES;
				GCC_WARN_UNUSED_VARIABLE = YES;
				IPHONEOS_DEPLOYMENT_TARGET = 10.1;
				MTL_ENABLE_DEBUG_INFO = NO;
				SDKROOT = iphoneos;
				SWIFT_OPTIMIZATION_LEVEL = "-Owholemodule";
				VALIDATE_PRODUCT = YES;
			};
			name = Release;
		};
		A8DC1E6B1DCBD3CC008DD387 /* Debug */ = {
			isa = XCBuildConfiguration;
			buildSettings = {
				ASSETCATALOG_COMPILER_APPICON_NAME = AppIcon;
				DEVELOPMENT_TEAM = 9SKFP92QDP;
				INFOPLIST_FILE = com.codepath.canvas/Info.plist;
				LD_RUNPATH_SEARCH_PATHS = "$(inherited) @executable_path/Frameworks";
				PRODUCT_BUNDLE_IDENTIFIER = "com.saviotsui.com-codepath-canvas";
				PRODUCT_NAME = "$(TARGET_NAME)";
				SWIFT_VERSION = 3.0;
			};
			name = Debug;
		};
		A8DC1E6C1DCBD3CC008DD387 /* Release */ = {
			isa = XCBuildConfiguration;
			buildSettings = {
				ASSETCATALOG_COMPILER_APPICON_NAME = AppIcon;
				DEVELOPMENT_TEAM = 9SKFP92QDP;
				INFOPLIST_FILE = com.codepath.canvas/Info.plist;
				LD_RUNPATH_SEARCH_PATHS = "$(inherited) @executable_path/Frameworks";
				PRODUCT_BUNDLE_IDENTIFIER = "com.saviotsui.com-codepath-canvas";
				PRODUCT_NAME = "$(TARGET_NAME)";
				SWIFT_VERSION = 3.0;
			};
			name = Release;
		};
/* End XCBuildConfiguration section */

/* Begin XCConfigurationList section */
		A8DC1E531DCBD3CB008DD387 /* Build configuration list for PBXProject "com.codepath.canvas" */ = {
			isa = XCConfigurationList;
			buildConfigurations = (
				A8DC1E681DCBD3CC008DD387 /* Debug */,
				A8DC1E691DCBD3CC008DD387 /* Release */,
			);
			defaultConfigurationIsVisible = 0;
			defaultConfigurationName = Release;
		};
		A8DC1E6A1DCBD3CC008DD387 /* Build configuration list for PBXNativeTarget "com.codepath.canvas" */ = {
			isa = XCConfigurationList;
			buildConfigurations = (
				A8DC1E6B1DCBD3CC008DD387 /* Debug */,
				A8DC1E6C1DCBD3CC008DD387 /* Release */,
			);
			defaultConfigurationIsVisible = 0;
		};
/* End XCConfigurationList section */
	};
	rootObject = A8DC1E501DCBD3CB008DD387 /* Project object */;
}
